
Microsoft Visual Studio Solution File, Format Version 11.00
# Visual Studio 2010
Project("{FAE04EC0-301F-11D3-BF4B-00C04F79EFBC}") = "Greatest number from user", "Greatest number from user\Greatest number from user.csproj", "{ED3B116B-7DC2-47AE-8775-2911C7C35A19}"
EndProject
Global
	GlobalSection(SolutionConfigurationPlatforms) = preSolution
		Debug|x86 = Debug|x86
		Release|x86 = Release|x86
	EndGlobalSection
	GlobalSection(ProjectConfigurationPlatforms) = postSolution
		{ED3B116B-7DC2-47AE-8775-2911C7C35A19}.Debug|x86.ActiveCfg = Debug|x86
		{ED3B116B-7DC2-47AE-8775-2911C7C35A19}.Debug|x86.Build.0 = Debug|x86
		{ED3B116B-7DC2-47AE-8775-2911C7C35A19}.Release|x86.ActiveCfg = Release|x86
		{ED3B116B-7DC2-47AE-8775-2911C7C35A19}.Release|x86.Build.0 = Release|x86
	EndGlobalSection
	GlobalSection(SolutionProperties) = preSolution
		HideSolutionNode = FALSE
	EndGlobalSection
EndGlobal
